
Microsoft Visual Studio Solution File, Format Version 12.00
# Visual Studio 15
VisualStudioVersion = 15.0.27130.2036
MinimumVisualStudioVersion = 10.0.40219.1
Project("{8BC9CEB8-8B4A-11D0-8D11-00A0C91BC942}") = "20180714", "20180714\20180714.vcxproj", "{01D1AF9C-18DB-470F-AEFA-C4BA7D220F97}"
EndProject
Global
	GlobalSection(SolutionConfigurationPlatforms) = preSolution
		Debug|x64 = Debug|x64
		Debug|x86 = Debug|x86
		Release|x64 = Release|x64
		Release|x86 = Release|x86
	EndGlobalSection
	GlobalSection(ProjectConfigurationPlatforms) = postSolution
		{01D1AF9C-18DB-470F-AEFA-C4BA7D220F97}.Debug|x64.ActiveCfg = Debug|x64
		{01D1AF9C-18DB-470F-AEFA-C4BA7D220F97}.Debug|x64.Build.0 = Debug|x64
		{01D1AF9C-18DB-470F-AEFA-C4BA7D220F97}.Debug|x86.ActiveCfg = Debug|Win32
		{01D1AF9C-18DB-470F-AEFA-C4BA7D220F97}.Debug|x86.Build.0 = Debug|Win32
		{01D1AF9C-18DB-470F-AEFA-C4BA7D220F97}.Release|x64.ActiveCfg = Release|x64
		{01D1AF9C-18DB-470F-AEFA-C4BA7D220F97}.Release|x64.Build.0 = Release|x64
		{01D1AF9C-18DB-470F-AEFA-C4BA7D220F97}.Release|x86.ActiveCfg = Release|Win32
		{01D1AF9C-18DB-470F-AEFA-C4BA7D220F97}.Release|x86.Build.0 = Release|Win32
	EndGlobalSection
	GlobalSection(SolutionProperties) = preSolution
		HideSolutionNode = FALSE
	EndGlobalSection
	GlobalSection(ExtensibilityGlobals) = postSolution
		SolutionGuid = {3FA18988-FD8A-4B59-A8C6-4CC1AE3A8819}
	EndGlobalSection
EndGlobal
